
Microsoft Visual Studio Solution File, Format Version 12.00
# Visual Studio Version 16
VisualStudioVersion = 16.0.30523.141
MinimumVisualStudioVersion = 10.0.40219.1
Project("{FAE04EC0-301F-11D3-BF4B-00C04F79EFBC}") = "FFMPEG_GUI", "WindowsFormsApp1\FFMPEG_GUI.csproj", "{192AE341-FFCA-4143-A503-875135E7BC8E}"
EndProject
Global
	GlobalSection(SolutionConfigurationPlatforms) = preSolution
		Debug|Any CPU = Debug|Any CPU
		Release|Any CPU = Release|Any CPU
	EndGlobalSection
	GlobalSection(ProjectConfigurationPlatforms) = postSolution
		{192AE341-FFCA-4143-A503-875135E7BC8E}.Debug|Any CPU.ActiveCfg = Debug|Any CPU
		{192AE341-FFCA-4143-A503-875135E7BC8E}.Debug|Any CPU.Build.0 = Debug|Any CPU
		{192AE341-FFCA-4143-A503-875135E7BC8E}.Release|Any CPU.ActiveCfg = Release|Any CPU
		{192AE341-FFCA-4143-A503-875135E7BC8E}.Release|Any CPU.Build.0 = Release|Any CPU
	EndGlobalSection
	GlobalSection(SolutionProperties) = preSolution
		HideSolutionNode = FALSE
	EndGlobalSection
	GlobalSection(ExtensibilityGlobals) = postSolution
		SolutionGuid = {D9A7A0F1-DE98-4F3C-A7F8-4B228B36CC8D}
	EndGlobalSection
EndGlobal
